{
  "version": 2,
  "packages": {
    "nim": {
      "version": "2.2.6",
      "vcsRevision": "",
      "url": "https://github.com/nim-lang/Nim.git",
      "downloadMethod": "git",
      "dependencies": [],
      "checksums": {
        "sha1": "7e6ca5d37c9e9e537243950e2d1c4bbddb68186d"
      }
    }
  },
  "tasks": {}
}
